# Generated by move; do not edit
# This file should be checked in.

[move]
version = 4

[pinned.mainnet.MoveStdlib]
source = { git = "https://github.com/MystenLabs/sui.git", subdir = "crates/sui-framework/packages/move-stdlib", rev = "718ae563a42fb4ba0d055588f81c704dcef58c25" }
use_environment = "mainnet"
manifest_digest = "C4FE4C91DE74CBF223B2E380AE40F592177D21870DC2D7EB6227D2D694E05363"
deps = {}

[pinned.mainnet.MoveStdlib_1]
source = { git = "https://github.com/MystenLabs/sui.git", subdir = "crates/sui-framework/packages/move-stdlib", rev = "1f6e1e6dd72dc75ac4037b3d4e38e73b133c5ef6" }
use_environment = "mainnet"
manifest_digest = "C4FE4C91DE74CBF223B2E380AE40F592177D21870DC2D7EB6227D2D694E05363"
deps = {}

[pinned.mainnet.Pyth]
source = { git = "https://github.com/naviprotocol/pyth-crosschain.git", subdir = "target_chains/sui/contracts", rev = "1880b24c6acfaac101747f863c5047fff9adaa0f" }
use_environment = "mainnet"
manifest_digest = "C981BFE5D31B50DB795278F9617725C1C2AEDFE52970A2E02D2B5636175470AB"
deps = { Sui = "Sui_1", Wormhole = "Wormhole" }

[pinned.mainnet.Sui]
source = { git = "https://github.com/MystenLabs/sui.git", subdir = "crates/sui-framework/packages/sui-framework", rev = "718ae563a42fb4ba0d055588f81c704dcef58c25" }
use_environment = "mainnet"
manifest_digest = "CD547CB1ACCE0880C835DAED2D8FFCB91D56C833AE5240D3AA5B918398263195"
deps = { MoveStdlib = "MoveStdlib" }

[pinned.mainnet.SuiSystem]
source = { git = "https://github.com/MystenLabs/sui.git", subdir = "crates/sui-framework/packages/sui-system", rev = "718ae563a42fb4ba0d055588f81c704dcef58c25" }
use_environment = "mainnet"
manifest_digest = "CCBB2DE961DACC94644C65D54E808DEF86BC7E9C42A494D5250CC5F99392E069"
deps = { MoveStdlib = "MoveStdlib", Sui = "Sui" }

[pinned.mainnet.Sui_1]
source = { git = "https://github.com/MystenLabs/sui.git", subdir = "crates/sui-framework/packages/sui-framework", rev = "1f6e1e6dd72dc75ac4037b3d4e38e73b133c5ef6" }
use_environment = "mainnet"
manifest_digest = "CD547CB1ACCE0880C835DAED2D8FFCB91D56C833AE5240D3AA5B918398263195"
deps = { MoveStdlib = "MoveStdlib_1" }

[pinned.mainnet.SupraOracle]
source = { git = "https://github.com/naviprotocol/supra-oracle.git", subdir = "supra_holder", rev = "0d41a846e75cff18da44e462260bf60c73417c8e" }
use_environment = "mainnet"
manifest_digest = "CDD606D609F32BF36A2C06E7DB0E6BBBA82B7EC29C58D217D0AFCED1E87ED550"
deps = { Sui = "Sui_1", supra_validator = "supra_validator" }

[pinned.mainnet.Switchboard]
source = { git = "https://github.com/naviprotocol/navi-smart-contracts.git", subdir = "switchboard_sui/on_demand", rev = "473b0934235d6dc1357fa4309308167c6d175fd1" }
use_environment = "mainnet"
manifest_digest = "BA49968BFF7C4A4D9F013B59535CF8B89D935A7C6D63C121606B1FE844829B72"
deps = { Sui = "Sui_1" }

[pinned.mainnet.Wormhole]
source = { git = "https://github.com/naviprotocol/wormhole.git", subdir = "sui/wormhole", rev = "7749aff1380b0f63743d36856a5934de606483ba" }
use_environment = "mainnet"
manifest_digest = "3876920E3F5449B657525E749B996C31141507452514AF2E259F5441554DCDDF"
deps = { Sui = "Sui_1" }

[pinned.mainnet.enclave]
source = { local = "../enclave" }
use_environment = "mainnet"
manifest_digest = "E41BBD67BE8940D26C79D78B028477EF5B33BA217A1282C78ACB344CF8A5ECF6"
deps = { std = "MoveStdlib", sui = "Sui" }

[pinned.mainnet.lending_core]
source = { git = "https://github.com/naviprotocol/navi-smart-contracts.git", subdir = "lending_core", rev = "473b0934235d6dc1357fa4309308167c6d175fd1" }
use_environment = "mainnet"
manifest_digest = "345663D1239E7C7EEF8B0DF907E8E92F561947FF2110791295DE0CD4DAA5DE29"
deps = { liquid_staking = "liquid_staking", oracle = "oracle", std = "MoveStdlib", sui = "Sui", sui_system = "SuiSystem" }

[pinned.mainnet.liquid_staking]
source = { git = "https://github.com/naviprotocol/navi-smart-contracts.git", subdir = "volo_liquid_staking", rev = "473b0934235d6dc1357fa4309308167c6d175fd1" }
use_environment = "mainnet"
manifest_digest = "5088FADDD8E68B81993124941C625140D78354C8DCD372C440055B66B7604874"
deps = { std = "MoveStdlib", sui = "Sui", sui_system = "SuiSystem" }

[pinned.mainnet.navi_adapter]
source = { root = true }
use_environment = "mainnet"
manifest_digest = "6C6A1F11F54A305F02DF0517853318EC8A4EF0EFA11805D895B409140F57BB9D"
deps = { enclave = "enclave", lending_core = "lending_core", oracle = "oracle", std = "MoveStdlib", sui = "Sui", treasury_core = "treasury_core" }

[pinned.mainnet.oracle]
source = { git = "https://github.com/naviprotocol/navi-smart-contracts.git", subdir = "oracle", rev = "473b0934235d6dc1357fa4309308167c6d175fd1" }
use_environment = "mainnet"
manifest_digest = "4CAB268A410A256ECF644699EE89290129097BF4C5152476FBECA6AD693B9C42"
deps = { SupraOracle = "SupraOracle", pyth = "Pyth", std = "MoveStdlib", sui = "Sui", switchboard = "Switchboard" }

[pinned.mainnet.supra_utils]
source = { git = "https://github.com/naviprotocol/supra-oracle.git", subdir = "supra_utils", rev = "0d41a846e75cff18da44e462260bf60c73417c8e" }
use_environment = "mainnet"
manifest_digest = "3876920E3F5449B657525E749B996C31141507452514AF2E259F5441554DCDDF"
deps = { Sui = "Sui_1" }

[pinned.mainnet.supra_validator]
source = { git = "https://github.com/naviprotocol/supra-oracle.git", subdir = "supra_validator", rev = "0d41a846e75cff18da44e462260bf60c73417c8e" }
use_environment = "mainnet"
manifest_digest = "6972115A9F4DCD60D13D7BB34F2D42245F8743B737EA8651F3DF6669BC3D6C93"
deps = { Sui = "Sui_1", supra_utils = "supra_utils" }

[pinned.mainnet.treasury_core]
source = { local = "../core" }
use_environment = "mainnet"
manifest_digest = "DDDCDD493684A01D883E0EC19B7EB0CB512F0FF816DF2159E0A5DEB85CAEAEE8"
deps = { enclave = "enclave", std = "MoveStdlib", sui = "Sui" }
