# Generated by move; do not edit
# This file should be checked in.

[move]
version = 4

[pinned.mainnet.CoinDecimalsRegistry]
source = { git = "https://github.com/scallop-io/sui-lending-protocol.git", subdir = "contracts/libs/coin_decimals_registry", rev = "334e93a1232a1d9417466080ae24491be3f7b27c" }
use_environment = "mainnet"
manifest_digest = "3876920E3F5449B657525E749B996C31141507452514AF2E259F5441554DCDDF"
deps = { Sui = "Sui_1" }

[pinned.mainnet.Decimal]
source = { git = "https://github.com/scallop-io/sui-lending-protocol.git", subdir = "contracts/libs/decimal", rev = "334e93a1232a1d9417466080ae24491be3f7b27c" }
use_environment = "mainnet"
manifest_digest = "3876920E3F5449B657525E749B996C31141507452514AF2E259F5441554DCDDF"
deps = { Sui = "Sui_1" }

[pinned.mainnet.Math]
source = { git = "https://github.com/scallop-io/sui-lending-protocol.git", subdir = "contracts/libs/math", rev = "334e93a1232a1d9417466080ae24491be3f7b27c" }
use_environment = "mainnet"
manifest_digest = "3876920E3F5449B657525E749B996C31141507452514AF2E259F5441554DCDDF"
deps = { Sui = "Sui_1" }

[pinned.mainnet.MoveStdlib]
source = { git = "https://github.com/MystenLabs/sui.git", subdir = "crates/sui-framework/packages/move-stdlib", rev = "718ae563a42fb4ba0d055588f81c704dcef58c25" }
use_environment = "mainnet"
manifest_digest = "C4FE4C91DE74CBF223B2E380AE40F592177D21870DC2D7EB6227D2D694E05363"
deps = {}

[pinned.mainnet.MoveStdlib_1]
source = { git = "https://github.com/MystenLabs/sui.git", subdir = "crates/sui-framework/packages/move-stdlib", rev = "1f6e1e6dd72dc75ac4037b3d4e38e73b133c5ef6" }
use_environment = "mainnet"
manifest_digest = "C4FE4C91DE74CBF223B2E380AE40F592177D21870DC2D7EB6227D2D694E05363"
deps = {}

[pinned.mainnet.ScallopProtocol]
source = { git = "https://github.com/scallop-io/sui-lending-protocol.git", subdir = "contracts/protocol", rev = "334e93a1232a1d9417466080ae24491be3f7b27c" }
use_environment = "mainnet"
manifest_digest = "A91D5B1E1A8E663F005C45833346765F113FED7FFCC93A0E938717DEB8DE0289"
deps = { CoinDecimalsRegistry = "CoinDecimalsRegistry", Decimal = "Decimal", Math = "Math", Sui = "Sui_1", TestCoin = "TestCoin", Whitelist = "Whitelist", X = "X", XOracle = "XOracle" }

[pinned.mainnet.Sui]
source = { git = "https://github.com/MystenLabs/sui.git", subdir = "crates/sui-framework/packages/sui-framework", rev = "718ae563a42fb4ba0d055588f81c704dcef58c25" }
use_environment = "mainnet"
manifest_digest = "CD547CB1ACCE0880C835DAED2D8FFCB91D56C833AE5240D3AA5B918398263195"
deps = { MoveStdlib = "MoveStdlib" }

[pinned.mainnet.Sui_1]
source = { git = "https://github.com/MystenLabs/sui.git", subdir = "crates/sui-framework/packages/sui-framework", rev = "1f6e1e6dd72dc75ac4037b3d4e38e73b133c5ef6" }
use_environment = "mainnet"
manifest_digest = "CD547CB1ACCE0880C835DAED2D8FFCB91D56C833AE5240D3AA5B918398263195"
deps = { MoveStdlib = "MoveStdlib_1" }

[pinned.mainnet.TestCoin]
source = { git = "https://github.com/scallop-io/sui-lending-protocol.git", subdir = "contracts/test_coin", rev = "334e93a1232a1d9417466080ae24491be3f7b27c" }
use_environment = "mainnet"
manifest_digest = "3876920E3F5449B657525E749B996C31141507452514AF2E259F5441554DCDDF"
deps = { Sui = "Sui_1" }

[pinned.mainnet.Whitelist]
source = { git = "https://github.com/scallop-io/sui-lending-protocol.git", subdir = "contracts/libs/whitelist", rev = "334e93a1232a1d9417466080ae24491be3f7b27c" }
use_environment = "mainnet"
manifest_digest = "3876920E3F5449B657525E749B996C31141507452514AF2E259F5441554DCDDF"
deps = { Sui = "Sui_1" }

[pinned.mainnet.X]
source = { git = "https://github.com/scallop-io/sui-lending-protocol.git", subdir = "contracts/libs/x", rev = "334e93a1232a1d9417466080ae24491be3f7b27c" }
use_environment = "mainnet"
manifest_digest = "3876920E3F5449B657525E749B996C31141507452514AF2E259F5441554DCDDF"
deps = { Sui = "Sui_1" }

[pinned.mainnet.XOracle]
source = { git = "https://github.com/scallop-io/sui-lending-protocol.git", subdir = "contracts/sui_x_oracle/x_oracle", rev = "334e93a1232a1d9417466080ae24491be3f7b27c" }
use_environment = "mainnet"
manifest_digest = "3876920E3F5449B657525E749B996C31141507452514AF2E259F5441554DCDDF"
deps = { Sui = "Sui_1" }

[pinned.mainnet.enclave]
source = { local = "../enclave" }
use_environment = "mainnet"
manifest_digest = "E41BBD67BE8940D26C79D78B028477EF5B33BA217A1282C78ACB344CF8A5ECF6"
deps = { std = "MoveStdlib", sui = "Sui" }

[pinned.mainnet.scallop_adapter]
source = { root = true }
use_environment = "mainnet"
manifest_digest = "0520A865535CA4DC4E9A867BF2EEAA2F21625C56466D67C257DAAC1FB25230D1"
deps = { enclave = "enclave", protocol = "ScallopProtocol", std = "MoveStdlib", sui = "Sui", treasury_core = "treasury_core" }

[pinned.mainnet.treasury_core]
source = { local = "../core" }
use_environment = "mainnet"
manifest_digest = "DDDCDD493684A01D883E0EC19B7EB0CB512F0FF816DF2159E0A5DEB85CAEAEE8"
deps = { enclave = "enclave", std = "MoveStdlib", sui = "Sui" }
